
Microsoft Visual Studio Solution File, Format Version 12.00
Project("{FAE04EC0-301F-11D3-BF4B-00C04F79EFBC}") = "task18_1_1", "task18_1_1\task18_1_1.csproj", "{FB30A9AB-4173-4F6B-90DC-A2054ED5CE98}"
EndProject
Global
	GlobalSection(SolutionConfigurationPlatforms) = preSolution
		Debug|Any CPU = Debug|Any CPU
		Release|Any CPU = Release|Any CPU
	EndGlobalSection
	GlobalSection(ProjectConfigurationPlatforms) = postSolution
		{FB30A9AB-4173-4F6B-90DC-A2054ED5CE98}.Debug|Any CPU.ActiveCfg = Debug|Any CPU
		{FB30A9AB-4173-4F6B-90DC-A2054ED5CE98}.Debug|Any CPU.Build.0 = Debug|Any CPU
		{FB30A9AB-4173-4F6B-90DC-A2054ED5CE98}.Release|Any CPU.ActiveCfg = Release|Any CPU
		{FB30A9AB-4173-4F6B-90DC-A2054ED5CE98}.Release|Any CPU.Build.0 = Release|Any CPU
	EndGlobalSection
EndGlobal
