
Microsoft Visual Studio Solution File, Format Version 12.00
# Visual Studio Version 17
VisualStudioVersion = 17.0.32112.339
MinimumVisualStudioVersion = 10.0.40219.1
Project("{9A19103F-16F7-4668-BE54-9A1E7A4F7556}") = "Property", "Property\Property.csproj", "{5AA36945-25B5-4321-9F61-C6B4E1424FA9}"
EndProject
Project("{9A19103F-16F7-4668-BE54-9A1E7A4F7556}") = "Constructor", "Constructor\Constructor.csproj", "{FE27C542-8E3A-47B9-8622-C37D394982B1}"
EndProject
Project("{9A19103F-16F7-4668-BE54-9A1E7A4F7556}") = "CustomLibrary", "CustomLibrary\CustomLibrary.csproj", "{63F5F99A-CB77-42FF-8CFD-397773466311}"
EndProject
Project("{9A19103F-16F7-4668-BE54-9A1E7A4F7556}") = "ConsoleCALC", "ConsoleCALC\ConsoleCALC.csproj", "{D997F7BD-0B28-492A-A08D-2EF3A6695319}"
EndProject
Project("{9A19103F-16F7-4668-BE54-9A1E7A4F7556}") = "WinFormsApp1", "WinFormsApp1\WinFormsApp1.csproj", "{5B42D9E6-5671-4938-9ED4-E58124F5014F}"
EndProject
Project("{9A19103F-16F7-4668-BE54-9A1E7A4F7556}") = "INHERET", "INHERET\INHERET.csproj", "{60FAC73F-1529-4976-9819-267C2B3F7F91}"
EndProject
Project("{9A19103F-16F7-4668-BE54-9A1E7A4F7556}") = "INHERIT2", "INHERIT2\INHERIT2.csproj", "{2997813D-179A-4BBF-8B3B-C5DD0FED2F8A}"
EndProject
Project("{9A19103F-16F7-4668-BE54-9A1E7A4F7556}") = "INHERET3", "INHERET3\INHERET3.csproj", "{71735D56-6CF6-4496-B515-3B403C574EA5}"
EndProject
Project("{9A19103F-16F7-4668-BE54-9A1E7A4F7556}") = "ClassLibrary1", "ClassLibrary1\ClassLibrary1.csproj", "{BF9BC402-7F9B-4EB7-9E9F-596CDC9F2EC8}"
EndProject
Project("{2150E333-8FDC-42A3-9474-1A3956D46DE8}") = "Tasks OOP", "Tasks OOP", "{3DC27D1C-4393-499B-B505-EBD6558E97BB}"
	ProjectSection(SolutionItems) = preProject
		README.md = README.md
	EndProjectSection
EndProject
Project("{9A19103F-16F7-4668-BE54-9A1E7A4F7556}") = "ConsoleApp1", "ConsoleApp1\ConsoleApp1.csproj", "{EEFEBF63-19B5-4BD4-9FDE-156F56A2B38F}"
EndProject
Project("{9A19103F-16F7-4668-BE54-9A1E7A4F7556}") = "Enums", "Enums\Enums.csproj", "{5729B172-998A-4338-B7D0-BA4522BB1F00}"
EndProject
Project("{9A19103F-16F7-4668-BE54-9A1E7A4F7556}") = "CustomClassTask", "CustomClassTask\CustomClassTask.csproj", "{FFAC608F-1DF9-4BAE-AD43-FB9DE3BC8D22}"
EndProject
Project("{9A19103F-16F7-4668-BE54-9A1E7A4F7556}") = "ConsoleAppCustomTask", "ConsoleAppCustomTask\ConsoleAppCustomTask.csproj", "{19ECA54C-8DA0-4A18-BFCE-8183DB4FB750}"
EndProject
Project("{FAE04EC0-301F-11D3-BF4B-00C04F79EFBC}") = "Abstract", "Abstract\Abstract.csproj", "{A989541A-E409-45F7-83B6-D02051308820}"
EndProject
Global
	GlobalSection(SolutionConfigurationPlatforms) = preSolution
		Debug|Any CPU = Debug|Any CPU
		Debug|x64 = Debug|x64
		Debug|x86 = Debug|x86
		Release|Any CPU = Release|Any CPU
		Release|x64 = Release|x64
		Release|x86 = Release|x86
	EndGlobalSection
	GlobalSection(ProjectConfigurationPlatforms) = postSolution
		{5AA36945-25B5-4321-9F61-C6B4E1424FA9}.Debug|Any CPU.ActiveCfg = Debug|Any CPU
		{5AA36945-25B5-4321-9F61-C6B4E1424FA9}.Debug|Any CPU.Build.0 = Debug|Any CPU
		{5AA36945-25B5-4321-9F61-C6B4E1424FA9}.Debug|x64.ActiveCfg = Debug|Any CPU
		{5AA36945-25B5-4321-9F61-C6B4E1424FA9}.Debug|x64.Build.0 = Debug|Any CPU
		{5AA36945-25B5-4321-9F61-C6B4E1424FA9}.Debug|x86.ActiveCfg = Debug|Any CPU
		{5AA36945-25B5-4321-9F61-C6B4E1424FA9}.Debug|x86.Build.0 = Debug|Any CPU
		{5AA36945-25B5-4321-9F61-C6B4E1424FA9}.Release|Any CPU.ActiveCfg = Release|Any CPU
		{5AA36945-25B5-4321-9F61-C6B4E1424FA9}.Release|Any CPU.Build.0 = Release|Any CPU
		{5AA36945-25B5-4321-9F61-C6B4E1424FA9}.Release|x64.ActiveCfg = Release|Any CPU
		{5AA36945-25B5-4321-9F61-C6B4E1424FA9}.Release|x64.Build.0 = Release|Any CPU
		{5AA36945-25B5-4321-9F61-C6B4E1424FA9}.Release|x86.ActiveCfg = Release|Any CPU
		{5AA36945-25B5-4321-9F61-C6B4E1424FA9}.Release|x86.Build.0 = Release|Any CPU
		{FE27C542-8E3A-47B9-8622-C37D394982B1}.Debug|Any CPU.ActiveCfg = Debug|Any CPU
		{FE27C542-8E3A-47B9-8622-C37D394982B1}.Debug|Any CPU.Build.0 = Debug|Any CPU
		{FE27C542-8E3A-47B9-8622-C37D394982B1}.Debug|x64.ActiveCfg = Debug|Any CPU
		{FE27C542-8E3A-47B9-8622-C37D394982B1}.Debug|x64.Build.0 = Debug|Any CPU
		{FE27C542-8E3A-47B9-8622-C37D394982B1}.Debug|x86.ActiveCfg = Debug|Any CPU
		{FE27C542-8E3A-47B9-8622-C37D394982B1}.Debug|x86.Build.0 = Debug|Any CPU
		{FE27C542-8E3A-47B9-8622-C37D394982B1}.Release|Any CPU.ActiveCfg = Release|Any CPU
		{FE27C542-8E3A-47B9-8622-C37D394982B1}.Release|Any CPU.Build.0 = Release|Any CPU
		{FE27C542-8E3A-47B9-8622-C37D394982B1}.Release|x64.ActiveCfg = Release|Any CPU
		{FE27C542-8E3A-47B9-8622-C37D394982B1}.Release|x64.Build.0 = Release|Any CPU
		{FE27C542-8E3A-47B9-8622-C37D394982B1}.Release|x86.ActiveCfg = Release|Any CPU
		{FE27C542-8E3A-47B9-8622-C37D394982B1}.Release|x86.Build.0 = Release|Any CPU
		{63F5F99A-CB77-42FF-8CFD-397773466311}.Debug|Any CPU.ActiveCfg = Debug|Any CPU
		{63F5F99A-CB77-42FF-8CFD-397773466311}.Debug|Any CPU.Build.0 = Debug|Any CPU
		{63F5F99A-CB77-42FF-8CFD-397773466311}.Debug|x64.ActiveCfg = Debug|Any CPU
		{63F5F99A-CB77-42FF-8CFD-397773466311}.Debug|x64.Build.0 = Debug|Any CPU
		{63F5F99A-CB77-42FF-8CFD-397773466311}.Debug|x86.ActiveCfg = Debug|Any CPU
		{63F5F99A-CB77-42FF-8CFD-397773466311}.Debug|x86.Build.0 = Debug|Any CPU
		{63F5F99A-CB77-42FF-8CFD-397773466311}.Release|Any CPU.ActiveCfg = Release|Any CPU
		{63F5F99A-CB77-42FF-8CFD-397773466311}.Release|Any CPU.Build.0 = Release|Any CPU
		{63F5F99A-CB77-42FF-8CFD-397773466311}.Release|x64.ActiveCfg = Release|Any CPU
		{63F5F99A-CB77-42FF-8CFD-397773466311}.Release|x64.Build.0 = Release|Any CPU
		{63F5F99A-CB77-42FF-8CFD-397773466311}.Release|x86.ActiveCfg = Release|Any CPU
		{63F5F99A-CB77-42FF-8CFD-397773466311}.Release|x86.Build.0 = Release|Any CPU
		{D997F7BD-0B28-492A-A08D-2EF3A6695319}.Debug|Any CPU.ActiveCfg = Debug|Any CPU
		{D997F7BD-0B28-492A-A08D-2EF3A6695319}.Debug|Any CPU.Build.0 = Debug|Any CPU
		{D997F7BD-0B28-492A-A08D-2EF3A6695319}.Debug|x64.ActiveCfg = Debug|Any CPU
		{D997F7BD-0B28-492A-A08D-2EF3A6695319}.Debug|x64.Build.0 = Debug|Any CPU
		{D997F7BD-0B28-492A-A08D-2EF3A6695319}.Debug|x86.ActiveCfg = Debug|Any CPU
		{D997F7BD-0B28-492A-A08D-2EF3A6695319}.Debug|x86.Build.0 = Debug|Any CPU
		{D997F7BD-0B28-492A-A08D-2EF3A6695319}.Release|Any CPU.ActiveCfg = Release|Any CPU
		{D997F7BD-0B28-492A-A08D-2EF3A6695319}.Release|Any CPU.Build.0 = Release|Any CPU
		{D997F7BD-0B28-492A-A08D-2EF3A6695319}.Release|x64.ActiveCfg = Release|Any CPU
		{D997F7BD-0B28-492A-A08D-2EF3A6695319}.Release|x64.Build.0 = Release|Any CPU
		{D997F7BD-0B28-492A-A08D-2EF3A6695319}.Release|x86.ActiveCfg = Release|Any CPU
		{D997F7BD-0B28-492A-A08D-2EF3A6695319}.Release|x86.Build.0 = Release|Any CPU
		{5B42D9E6-5671-4938-9ED4-E58124F5014F}.Debug|Any CPU.ActiveCfg = Debug|Any CPU
		{5B42D9E6-5671-4938-9ED4-E58124F5014F}.Debug|Any CPU.Build.0 = Debug|Any CPU
		{5B42D9E6-5671-4938-9ED4-E58124F5014F}.Debug|x64.ActiveCfg = Debug|Any CPU
		{5B42D9E6-5671-4938-9ED4-E58124F5014F}.Debug|x64.Build.0 = Debug|Any CPU
		{5B42D9E6-5671-4938-9ED4-E58124F5014F}.Debug|x86.ActiveCfg = Debug|Any CPU
		{5B42D9E6-5671-4938-9ED4-E58124F5014F}.Debug|x86.Build.0 = Debug|Any CPU
		{5B42D9E6-5671-4938-9ED4-E58124F5014F}.Release|Any CPU.ActiveCfg = Release|Any CPU
		{5B42D9E6-5671-4938-9ED4-E58124F5014F}.Release|Any CPU.Build.0 = Release|Any CPU
		{5B42D9E6-5671-4938-9ED4-E58124F5014F}.Release|x64.ActiveCfg = Release|Any CPU
		{5B42D9E6-5671-4938-9ED4-E58124F5014F}.Release|x64.Build.0 = Release|Any CPU
		{5B42D9E6-5671-4938-9ED4-E58124F5014F}.Release|x86.ActiveCfg = Release|Any CPU
		{5B42D9E6-5671-4938-9ED4-E58124F5014F}.Release|x86.Build.0 = Release|Any CPU
		{60FAC73F-1529-4976-9819-267C2B3F7F91}.Debug|Any CPU.ActiveCfg = Debug|Any CPU
		{60FAC73F-1529-4976-9819-267C2B3F7F91}.Debug|Any CPU.Build.0 = Debug|Any CPU
		{60FAC73F-1529-4976-9819-267C2B3F7F91}.Debug|x64.ActiveCfg = Debug|Any CPU
		{60FAC73F-1529-4976-9819-267C2B3F7F91}.Debug|x64.Build.0 = Debug|Any CPU
		{60FAC73F-1529-4976-9819-267C2B3F7F91}.Debug|x86.ActiveCfg = Debug|Any CPU
		{60FAC73F-1529-4976-9819-267C2B3F7F91}.Debug|x86.Build.0 = Debug|Any CPU
		{60FAC73F-1529-4976-9819-267C2B3F7F91}.Release|Any CPU.ActiveCfg = Release|Any CPU
		{60FAC73F-1529-4976-9819-267C2B3F7F91}.Release|Any CPU.Build.0 = Release|Any CPU
		{60FAC73F-1529-4976-9819-267C2B3F7F91}.Release|x64.ActiveCfg = Release|Any CPU
		{60FAC73F-1529-4976-9819-267C2B3F7F91}.Release|x64.Build.0 = Release|Any CPU
		{60FAC73F-1529-4976-9819-267C2B3F7F91}.Release|x86.ActiveCfg = Release|Any CPU
		{60FAC73F-1529-4976-9819-267C2B3F7F91}.Release|x86.Build.0 = Release|Any CPU
		{2997813D-179A-4BBF-8B3B-C5DD0FED2F8A}.Debug|Any CPU.ActiveCfg = Debug|Any CPU
		{2997813D-179A-4BBF-8B3B-C5DD0FED2F8A}.Debug|Any CPU.Build.0 = Debug|Any CPU
		{2997813D-179A-4BBF-8B3B-C5DD0FED2F8A}.Debug|x64.ActiveCfg = Debug|Any CPU
		{2997813D-179A-4BBF-8B3B-C5DD0FED2F8A}.Debug|x64.Build.0 = Debug|Any CPU
		{2997813D-179A-4BBF-8B3B-C5DD0FED2F8A}.Debug|x86.ActiveCfg = Debug|Any CPU
		{2997813D-179A-4BBF-8B3B-C5DD0FED2F8A}.Debug|x86.Build.0 = Debug|Any CPU
		{2997813D-179A-4BBF-8B3B-C5DD0FED2F8A}.Release|Any CPU.ActiveCfg = Release|Any CPU
		{2997813D-179A-4BBF-8B3B-C5DD0FED2F8A}.Release|Any CPU.Build.0 = Release|Any CPU
		{2997813D-179A-4BBF-8B3B-C5DD0FED2F8A}.Release|x64.ActiveCfg = Release|Any CPU
		{2997813D-179A-4BBF-8B3B-C5DD0FED2F8A}.Release|x64.Build.0 = Release|Any CPU
		{2997813D-179A-4BBF-8B3B-C5DD0FED2F8A}.Release|x86.ActiveCfg = Release|Any CPU
		{2997813D-179A-4BBF-8B3B-C5DD0FED2F8A}.Release|x86.Build.0 = Release|Any CPU
		{71735D56-6CF6-4496-B515-3B403C574EA5}.Debug|Any CPU.ActiveCfg = Debug|Any CPU
		{71735D56-6CF6-4496-B515-3B403C574EA5}.Debug|Any CPU.Build.0 = Debug|Any CPU
		{71735D56-6CF6-4496-B515-3B403C574EA5}.Debug|x64.ActiveCfg = Debug|Any CPU
		{71735D56-6CF6-4496-B515-3B403C574EA5}.Debug|x64.Build.0 = Debug|Any CPU
		{71735D56-6CF6-4496-B515-3B403C574EA5}.Debug|x86.ActiveCfg = Debug|Any CPU
		{71735D56-6CF6-4496-B515-3B403C574EA5}.Debug|x86.Build.0 = Debug|Any CPU
		{71735D56-6CF6-4496-B515-3B403C574EA5}.Release|Any CPU.ActiveCfg = Release|Any CPU
		{71735D56-6CF6-4496-B515-3B403C574EA5}.Release|Any CPU.Build.0 = Release|Any CPU
		{71735D56-6CF6-4496-B515-3B403C574EA5}.Release|x64.ActiveCfg = Release|Any CPU
		{71735D56-6CF6-4496-B515-3B403C574EA5}.Release|x64.Build.0 = Release|Any CPU
		{71735D56-6CF6-4496-B515-3B403C574EA5}.Release|x86.ActiveCfg = Release|Any CPU
		{71735D56-6CF6-4496-B515-3B403C574EA5}.Release|x86.Build.0 = Release|Any CPU
		{BF9BC402-7F9B-4EB7-9E9F-596CDC9F2EC8}.Debug|Any CPU.ActiveCfg = Debug|Any CPU
		{BF9BC402-7F9B-4EB7-9E9F-596CDC9F2EC8}.Debug|Any CPU.Build.0 = Debug|Any CPU
		{BF9BC402-7F9B-4EB7-9E9F-596CDC9F2EC8}.Debug|x64.ActiveCfg = Debug|Any CPU
		{BF9BC402-7F9B-4EB7-9E9F-596CDC9F2EC8}.Debug|x64.Build.0 = Debug|Any CPU
		{BF9BC402-7F9B-4EB7-9E9F-596CDC9F2EC8}.Debug|x86.ActiveCfg = Debug|Any CPU
		{BF9BC402-7F9B-4EB7-9E9F-596CDC9F2EC8}.Debug|x86.Build.0 = Debug|Any CPU
		{BF9BC402-7F9B-4EB7-9E9F-596CDC9F2EC8}.Release|Any CPU.ActiveCfg = Release|Any CPU
		{BF9BC402-7F9B-4EB7-9E9F-596CDC9F2EC8}.Release|Any CPU.Build.0 = Release|Any CPU
		{BF9BC402-7F9B-4EB7-9E9F-596CDC9F2EC8}.Release|x64.ActiveCfg = Release|Any CPU
		{BF9BC402-7F9B-4EB7-9E9F-596CDC9F2EC8}.Release|x64.Build.0 = Release|Any CPU
		{BF9BC402-7F9B-4EB7-9E9F-596CDC9F2EC8}.Release|x86.ActiveCfg = Release|Any CPU
		{BF9BC402-7F9B-4EB7-9E9F-596CDC9F2EC8}.Release|x86.Build.0 = Release|Any CPU
		{EEFEBF63-19B5-4BD4-9FDE-156F56A2B38F}.Debug|Any CPU.ActiveCfg = Debug|Any CPU
		{EEFEBF63-19B5-4BD4-9FDE-156F56A2B38F}.Debug|Any CPU.Build.0 = Debug|Any CPU
		{EEFEBF63-19B5-4BD4-9FDE-156F56A2B38F}.Debug|x64.ActiveCfg = Debug|Any CPU
		{EEFEBF63-19B5-4BD4-9FDE-156F56A2B38F}.Debug|x64.Build.0 = Debug|Any CPU
		{EEFEBF63-19B5-4BD4-9FDE-156F56A2B38F}.Debug|x86.ActiveCfg = Debug|Any CPU
		{EEFEBF63-19B5-4BD4-9FDE-156F56A2B38F}.Debug|x86.Build.0 = Debug|Any CPU
		{EEFEBF63-19B5-4BD4-9FDE-156F56A2B38F}.Release|Any CPU.ActiveCfg = Release|Any CPU
		{EEFEBF63-19B5-4BD4-9FDE-156F56A2B38F}.Release|Any CPU.Build.0 = Release|Any CPU
		{EEFEBF63-19B5-4BD4-9FDE-156F56A2B38F}.Release|x64.ActiveCfg = Release|Any CPU
		{EEFEBF63-19B5-4BD4-9FDE-156F56A2B38F}.Release|x64.Build.0 = Release|Any CPU
		{EEFEBF63-19B5-4BD4-9FDE-156F56A2B38F}.Release|x86.ActiveCfg = Release|Any CPU
		{EEFEBF63-19B5-4BD4-9FDE-156F56A2B38F}.Release|x86.Build.0 = Release|Any CPU
		{5729B172-998A-4338-B7D0-BA4522BB1F00}.Debug|Any CPU.ActiveCfg = Debug|Any CPU
		{5729B172-998A-4338-B7D0-BA4522BB1F00}.Debug|Any CPU.Build.0 = Debug|Any CPU
		{5729B172-998A-4338-B7D0-BA4522BB1F00}.Debug|x64.ActiveCfg = Debug|Any CPU
		{5729B172-998A-4338-B7D0-BA4522BB1F00}.Debug|x64.Build.0 = Debug|Any CPU
		{5729B172-998A-4338-B7D0-BA4522BB1F00}.Debug|x86.ActiveCfg = Debug|Any CPU
		{5729B172-998A-4338-B7D0-BA4522BB1F00}.Debug|x86.Build.0 = Debug|Any CPU
		{5729B172-998A-4338-B7D0-BA4522BB1F00}.Release|Any CPU.ActiveCfg = Release|Any CPU
		{5729B172-998A-4338-B7D0-BA4522BB1F00}.Release|Any CPU.Build.0 = Release|Any CPU
		{5729B172-998A-4338-B7D0-BA4522BB1F00}.Release|x64.ActiveCfg = Release|Any CPU
		{5729B172-998A-4338-B7D0-BA4522BB1F00}.Release|x64.Build.0 = Release|Any CPU
		{5729B172-998A-4338-B7D0-BA4522BB1F00}.Release|x86.ActiveCfg = Release|Any CPU
		{5729B172-998A-4338-B7D0-BA4522BB1F00}.Release|x86.Build.0 = Release|Any CPU
		{FFAC608F-1DF9-4BAE-AD43-FB9DE3BC8D22}.Debug|Any CPU.ActiveCfg = Debug|Any CPU
		{FFAC608F-1DF9-4BAE-AD43-FB9DE3BC8D22}.Debug|Any CPU.Build.0 = Debug|Any CPU
		{FFAC608F-1DF9-4BAE-AD43-FB9DE3BC8D22}.Debug|x64.ActiveCfg = Debug|Any CPU
		{FFAC608F-1DF9-4BAE-AD43-FB9DE3BC8D22}.Debug|x64.Build.0 = Debug|Any CPU
		{FFAC608F-1DF9-4BAE-AD43-FB9DE3BC8D22}.Debug|x86.ActiveCfg = Debug|Any CPU
		{FFAC608F-1DF9-4BAE-AD43-FB9DE3BC8D22}.Debug|x86.Build.0 = Debug|Any CPU
		{FFAC608F-1DF9-4BAE-AD43-FB9DE3BC8D22}.Release|Any CPU.ActiveCfg = Release|Any CPU
		{FFAC608F-1DF9-4BAE-AD43-FB9DE3BC8D22}.Release|Any CPU.Build.0 = Release|Any CPU
		{FFAC608F-1DF9-4BAE-AD43-FB9DE3BC8D22}.Release|x64.ActiveCfg = Release|Any CPU
		{FFAC608F-1DF9-4BAE-AD43-FB9DE3BC8D22}.Release|x64.Build.0 = Release|Any CPU
		{FFAC608F-1DF9-4BAE-AD43-FB9DE3BC8D22}.Release|x86.ActiveCfg = Release|Any CPU
		{FFAC608F-1DF9-4BAE-AD43-FB9DE3BC8D22}.Release|x86.Build.0 = Release|Any CPU
		{19ECA54C-8DA0-4A18-BFCE-8183DB4FB750}.Debug|Any CPU.ActiveCfg = Debug|Any CPU
		{19ECA54C-8DA0-4A18-BFCE-8183DB4FB750}.Debug|Any CPU.Build.0 = Debug|Any CPU
		{19ECA54C-8DA0-4A18-BFCE-8183DB4FB750}.Debug|x64.ActiveCfg = Debug|Any CPU
		{19ECA54C-8DA0-4A18-BFCE-8183DB4FB750}.Debug|x64.Build.0 = Debug|Any CPU
		{19ECA54C-8DA0-4A18-BFCE-8183DB4FB750}.Debug|x86.ActiveCfg = Debug|Any CPU
		{19ECA54C-8DA0-4A18-BFCE-8183DB4FB750}.Debug|x86.Build.0 = Debug|Any CPU
		{19ECA54C-8DA0-4A18-BFCE-8183DB4FB750}.Release|Any CPU.ActiveCfg = Release|Any CPU
		{19ECA54C-8DA0-4A18-BFCE-8183DB4FB750}.Release|Any CPU.Build.0 = Release|Any CPU
		{19ECA54C-8DA0-4A18-BFCE-8183DB4FB750}.Release|x64.ActiveCfg = Release|Any CPU
		{19ECA54C-8DA0-4A18-BFCE-8183DB4FB750}.Release|x64.Build.0 = Release|Any CPU
		{19ECA54C-8DA0-4A18-BFCE-8183DB4FB750}.Release|x86.ActiveCfg = Release|Any CPU
		{19ECA54C-8DA0-4A18-BFCE-8183DB4FB750}.Release|x86.Build.0 = Release|Any CPU
		{A989541A-E409-45F7-83B6-D02051308820}.Debug|Any CPU.ActiveCfg = Debug|Any CPU
		{A989541A-E409-45F7-83B6-D02051308820}.Debug|Any CPU.Build.0 = Debug|Any CPU
		{A989541A-E409-45F7-83B6-D02051308820}.Debug|x64.ActiveCfg = Debug|Any CPU
		{A989541A-E409-45F7-83B6-D02051308820}.Debug|x64.Build.0 = Debug|Any CPU
		{A989541A-E409-45F7-83B6-D02051308820}.Debug|x86.ActiveCfg = Debug|Any CPU
		{A989541A-E409-45F7-83B6-D02051308820}.Debug|x86.Build.0 = Debug|Any CPU
		{A989541A-E409-45F7-83B6-D02051308820}.Release|Any CPU.ActiveCfg = Release|Any CPU
		{A989541A-E409-45F7-83B6-D02051308820}.Release|Any CPU.Build.0 = Release|Any CPU
		{A989541A-E409-45F7-83B6-D02051308820}.Release|x64.ActiveCfg = Release|Any CPU
		{A989541A-E409-45F7-83B6-D02051308820}.Release|x64.Build.0 = Release|Any CPU
		{A989541A-E409-45F7-83B6-D02051308820}.Release|x86.ActiveCfg = Release|Any CPU
		{A989541A-E409-45F7-83B6-D02051308820}.Release|x86.Build.0 = Release|Any CPU
	EndGlobalSection
	GlobalSection(SolutionProperties) = preSolution
		HideSolutionNode = FALSE
	EndGlobalSection
	GlobalSection(ExtensibilityGlobals) = postSolution
		SolutionGuid = {90E389E5-019E-40D5-AD69-378F5F16B649}
	EndGlobalSection
EndGlobal
